
Microsoft Visual Studio Solution File, Format Version 12.00
# Visual Studio Version 17
VisualStudioVersion = 17.3.32825.248
MinimumVisualStudioVersion = 10.0.40219.1
Project("{FAE04EC0-301F-11D3-BF4B-00C04F79EFBC}") = "TestApp", "TestApp\TestApp.csproj", "{38D20696-4FFA-4F4A-9BE5-3E500A5DDB25}"
EndProject
Project("{E53339B2-1760-4266-BCC7-CA923CBCF16C}") = "docker-compose", "docker-compose.dcproj", "{6E6243F2-C660-4A5C-B3BA-B1338839E8E3}"
EndProject
Global
	GlobalSection(SolutionConfigurationPlatforms) = preSolution
		Debug|Any CPU = Debug|Any CPU
		Release|Any CPU = Release|Any CPU
	EndGlobalSection
	GlobalSection(ProjectConfigurationPlatforms) = postSolution
		{38D20696-4FFA-4F4A-9BE5-3E500A5DDB25}.Debug|Any CPU.ActiveCfg = Debug|Any CPU
		{38D20696-4FFA-4F4A-9BE5-3E500A5DDB25}.Debug|Any CPU.Build.0 = Debug|Any CPU
		{38D20696-4FFA-4F4A-9BE5-3E500A5DDB25}.Release|Any CPU.ActiveCfg = Release|Any CPU
		{38D20696-4FFA-4F4A-9BE5-3E500A5DDB25}.Release|Any CPU.Build.0 = Release|Any CPU
		{6E6243F2-C660-4A5C-B3BA-B1338839E8E3}.Debug|Any CPU.ActiveCfg = Debug|Any CPU
		{6E6243F2-C660-4A5C-B3BA-B1338839E8E3}.Debug|Any CPU.Build.0 = Debug|Any CPU
		{6E6243F2-C660-4A5C-B3BA-B1338839E8E3}.Release|Any CPU.ActiveCfg = Release|Any CPU
		{6E6243F2-C660-4A5C-B3BA-B1338839E8E3}.Release|Any CPU.Build.0 = Release|Any CPU
	EndGlobalSection
	GlobalSection(SolutionProperties) = preSolution
		HideSolutionNode = FALSE
	EndGlobalSection
	GlobalSection(ExtensibilityGlobals) = postSolution
		SolutionGuid = {E31E99B7-6735-411D-97B0-D46F53C7EC70}
	EndGlobalSection
EndGlobal
